Microsoft Visual Studio Solution File, Format Version 12.00
# Visual Studio Version 17
VisualStudioVersion = 17.5.2.0
MinimumVisualStudioVersion = 10.0.40219.1
Project("{FAE04EC0-301F-11D3-BF4B-00C04F79EFBC}") = "MyConsoleApp", "MyConsoleApp.csproj", "{229F56FA-E69D-FF56-F9B2-C3C6BF4B0F91}"
EndProject
Project("{FAE04EC0-301F-11D3-BF4B-00C04F79EFBC}") = "u2_degiskenler", "u2_degiskenler\u2_degiskenler.csproj", "{B82A40C1-7FB5-43D0-9CA0-D97062CE7467}"
EndProject
Project("{FAE04EC0-301F-11D3-BF4B-00C04F79EFBC}") = "u3_klavyedenokuma", "u3_klavyedenokuma\u3_klavyedenokuma.csproj", "{1D700CA3-A198-452E-8362-C4E7C8751CFA}"
EndProject
Project("{FAE04EC0-301F-11D3-BF4B-00C04F79EFBC}") = "u4_ikisayitoplama", "u4_ikisayitoplama\u4_ikisayitoplama.csproj", "{8485144A-8EA0-41F7-AF88-540009C08A7F}"
EndProject
Project("{FAE04EC0-301F-11D3-BF4B-00C04F79EFBC}") = "u5_metinbirlestirme", "u5_metinbirlestirme\u5_metinbirlestirme.csproj", "{10577978-D587-43E8-9695-ACA2CDDBA2CE}"
EndProject
Project("{FAE04EC0-301F-11D3-BF4B-00C04F79EFBC}") = "u6_dortgenolusturma", "u6_dortgenolusturma\u6_dortgenolusturma.csproj", "{E6F96D7E-A9A0-471B-853A-DEC2B041EAB0}"
EndProject
Project("{FAE04EC0-301F-11D3-BF4B-00C04F79EFBC}") = "u7_ortalamahesaplama", "u7_ortalamahesaplama\u7_ortalamahesaplama.csproj", "{9BABE012-C94F-4F6D-99DE-E9F1E53F3EB5}"
EndProject
Project("{FAE04EC0-301F-11D3-BF4B-00C04F79EFBC}") = "u8_operatorler", "u8_operatorler\u8_operatorler.csproj", "{E9EA4C03-C03D-4685-9206-6CAB40015E53}"
EndProject
Project("{FAE04EC0-301F-11D3-BF4B-00C04F79EFBC}") = "u10_kosulluifadeler", "u10_kosulluifadeler\u10_kosulluifadeler.csproj", "{B649A806-789C-4609-A71C-103DC38A01A0}"
EndProject
Project("{FAE04EC0-301F-11D3-BF4B-00C04F79EFBC}") = "u11_buyukkucukbul", "u11_buyukkucukbul\u11_buyukkucukbul.csproj", "{57EE62EC-62AC-4777-96C2-75282F713CF9}"
EndProject
Project("{FAE04EC0-301F-11D3-BF4B-00C04F79EFBC}") = "u12_notortalamasi", "u12_notortalamasi\u12_notortalamasi.csproj", "{0CC6A9FB-C2A1-454C-A583-43C66CE9F294}"
EndProject
Project("{FAE04EC0-301F-11D3-BF4B-00C04F79EFBC}") = "u13_askerlikdurumu", "u13_askerlikdurumu\u13_askerlikdurumu.csproj", "{05A7026C-CCCA-4229-8660-64F5DB38C121}"
EndProject
Project("{FAE04EC0-301F-11D3-BF4B-00C04F79EFBC}") = "u14_haftaningunleri", "u14_haftaningunleri\u14_haftaningunleri.csproj", "{F4FD8224-394F-4CD2-97F9-DE3A1D36D198}"
EndProject
Project("{FAE04EC0-301F-11D3-BF4B-00C04F79EFBC}") = "u15_switchilesecim", "u15_switchilesecim\u15_switchilesecim.csproj", "{25E88C8D-4334-4B79-B21E-E3B720882277}"
EndProject
Project("{FAE04EC0-301F-11D3-BF4B-00C04F79EFBC}") = "u16_fordongusu", "u16_fordongusu\u16_fordongusu.csproj", "{DBC4972D-5E8C-4774-A9B4-2043702A013C}"
EndProject
Global
	GlobalSection(SolutionConfigurationPlatforms) = preSolution
		Debug|Any CPU = Debug|Any CPU
		Release|Any CPU = Release|Any CPU
	EndGlobalSection
	GlobalSection(ProjectConfigurationPlatforms) = postSolution
		{229F56FA-E69D-FF56-F9B2-C3C6BF4B0F91}.Debug|Any CPU.ActiveCfg = Debug|Any CPU
		{229F56FA-E69D-FF56-F9B2-C3C6BF4B0F91}.Debug|Any CPU.Build.0 = Debug|Any CPU
		{229F56FA-E69D-FF56-F9B2-C3C6BF4B0F91}.Release|Any CPU.ActiveCfg = Release|Any CPU
		{229F56FA-E69D-FF56-F9B2-C3C6BF4B0F91}.Release|Any CPU.Build.0 = Release|Any CPU
		{B82A40C1-7FB5-43D0-9CA0-D97062CE7467}.Debug|Any CPU.ActiveCfg = Debug|Any CPU
		{B82A40C1-7FB5-43D0-9CA0-D97062CE7467}.Debug|Any CPU.Build.0 = Debug|Any CPU
		{B82A40C1-7FB5-43D0-9CA0-D97062CE7467}.Release|Any CPU.ActiveCfg = Release|Any CPU
		{B82A40C1-7FB5-43D0-9CA0-D97062CE7467}.Release|Any CPU.Build.0 = Release|Any CPU
		{1D700CA3-A198-452E-8362-C4E7C8751CFA}.Debug|Any CPU.ActiveCfg = Debug|Any CPU
		{1D700CA3-A198-452E-8362-C4E7C8751CFA}.Debug|Any CPU.Build.0 = Debug|Any CPU
		{1D700CA3-A198-452E-8362-C4E7C8751CFA}.Release|Any CPU.ActiveCfg = Release|Any CPU
		{1D700CA3-A198-452E-8362-C4E7C8751CFA}.Release|Any CPU.Build.0 = Release|Any CPU
		{8485144A-8EA0-41F7-AF88-540009C08A7F}.Debug|Any CPU.ActiveCfg = Debug|Any CPU
		{8485144A-8EA0-41F7-AF88-540009C08A7F}.Debug|Any CPU.Build.0 = Debug|Any CPU
		{8485144A-8EA0-41F7-AF88-540009C08A7F}.Release|Any CPU.ActiveCfg = Release|Any CPU
		{8485144A-8EA0-41F7-AF88-540009C08A7F}.Release|Any CPU.Build.0 = Release|Any CPU
		{10577978-D587-43E8-9695-ACA2CDDBA2CE}.Debug|Any CPU.ActiveCfg = Debug|Any CPU
		{10577978-D587-43E8-9695-ACA2CDDBA2CE}.Debug|Any CPU.Build.0 = Debug|Any CPU
		{10577978-D587-43E8-9695-ACA2CDDBA2CE}.Release|Any CPU.ActiveCfg = Release|Any CPU
		{10577978-D587-43E8-9695-ACA2CDDBA2CE}.Release|Any CPU.Build.0 = Release|Any CPU
		{E6F96D7E-A9A0-471B-853A-DEC2B041EAB0}.Debug|Any CPU.ActiveCfg = Debug|Any CPU
		{E6F96D7E-A9A0-471B-853A-DEC2B041EAB0}.Debug|Any CPU.Build.0 = Debug|Any CPU
		{E6F96D7E-A9A0-471B-853A-DEC2B041EAB0}.Release|Any CPU.ActiveCfg = Release|Any CPU
		{E6F96D7E-A9A0-471B-853A-DEC2B041EAB0}.Release|Any CPU.Build.0 = Release|Any CPU
		{9BABE012-C94F-4F6D-99DE-E9F1E53F3EB5}.Debug|Any CPU.ActiveCfg = Debug|Any CPU
		{9BABE012-C94F-4F6D-99DE-E9F1E53F3EB5}.Debug|Any CPU.Build.0 = Debug|Any CPU
		{9BABE012-C94F-4F6D-99DE-E9F1E53F3EB5}.Release|Any CPU.ActiveCfg = Release|Any CPU
		{9BABE012-C94F-4F6D-99DE-E9F1E53F3EB5}.Release|Any CPU.Build.0 = Release|Any CPU
		{E9EA4C03-C03D-4685-9206-6CAB40015E53}.Debug|Any CPU.ActiveCfg = Debug|Any CPU
		{E9EA4C03-C03D-4685-9206-6CAB40015E53}.Debug|Any CPU.Build.0 = Debug|Any CPU
		{E9EA4C03-C03D-4685-9206-6CAB40015E53}.Release|Any CPU.ActiveCfg = Release|Any CPU
		{E9EA4C03-C03D-4685-9206-6CAB40015E53}.Release|Any CPU.Build.0 = Release|Any CPU
		{B649A806-789C-4609-A71C-103DC38A01A0}.Debug|Any CPU.ActiveCfg = Debug|Any CPU
		{B649A806-789C-4609-A71C-103DC38A01A0}.Debug|Any CPU.Build.0 = Debug|Any CPU
		{B649A806-789C-4609-A71C-103DC38A01A0}.Release|Any CPU.ActiveCfg = Release|Any CPU
		{B649A806-789C-4609-A71C-103DC38A01A0}.Release|Any CPU.Build.0 = Release|Any CPU
		{57EE62EC-62AC-4777-96C2-75282F713CF9}.Debug|Any CPU.ActiveCfg = Debug|Any CPU
		{57EE62EC-62AC-4777-96C2-75282F713CF9}.Debug|Any CPU.Build.0 = Debug|Any CPU
		{57EE62EC-62AC-4777-96C2-75282F713CF9}.Release|Any CPU.ActiveCfg = Release|Any CPU
		{57EE62EC-62AC-4777-96C2-75282F713CF9}.Release|Any CPU.Build.0 = Release|Any CPU
		{0CC6A9FB-C2A1-454C-A583-43C66CE9F294}.Debug|Any CPU.ActiveCfg = Debug|Any CPU
		{0CC6A9FB-C2A1-454C-A583-43C66CE9F294}.Debug|Any CPU.Build.0 = Debug|Any CPU
		{0CC6A9FB-C2A1-454C-A583-43C66CE9F294}.Release|Any CPU.ActiveCfg = Release|Any CPU
		{0CC6A9FB-C2A1-454C-A583-43C66CE9F294}.Release|Any CPU.Build.0 = Release|Any CPU
		{05A7026C-CCCA-4229-8660-64F5DB38C121}.Debug|Any CPU.ActiveCfg = Debug|Any CPU
		{05A7026C-CCCA-4229-8660-64F5DB38C121}.Debug|Any CPU.Build.0 = Debug|Any CPU
		{05A7026C-CCCA-4229-8660-64F5DB38C121}.Release|Any CPU.ActiveCfg = Release|Any CPU
		{05A7026C-CCCA-4229-8660-64F5DB38C121}.Release|Any CPU.Build.0 = Release|Any CPU
		{F4FD8224-394F-4CD2-97F9-DE3A1D36D198}.Debug|Any CPU.ActiveCfg = Debug|Any CPU
		{F4FD8224-394F-4CD2-97F9-DE3A1D36D198}.Debug|Any CPU.Build.0 = Debug|Any CPU
		{F4FD8224-394F-4CD2-97F9-DE3A1D36D198}.Release|Any CPU.ActiveCfg = Release|Any CPU
		{F4FD8224-394F-4CD2-97F9-DE3A1D36D198}.Release|Any CPU.Build.0 = Release|Any CPU
		{25E88C8D-4334-4B79-B21E-E3B720882277}.Debug|Any CPU.ActiveCfg = Debug|Any CPU
		{25E88C8D-4334-4B79-B21E-E3B720882277}.Debug|Any CPU.Build.0 = Debug|Any CPU
		{25E88C8D-4334-4B79-B21E-E3B720882277}.Release|Any CPU.ActiveCfg = Release|Any CPU
		{25E88C8D-4334-4B79-B21E-E3B720882277}.Release|Any CPU.Build.0 = Release|Any CPU
		{DBC4972D-5E8C-4774-A9B4-2043702A013C}.Debug|Any CPU.ActiveCfg = Debug|Any CPU
		{DBC4972D-5E8C-4774-A9B4-2043702A013C}.Debug|Any CPU.Build.0 = Debug|Any CPU
		{DBC4972D-5E8C-4774-A9B4-2043702A013C}.Release|Any CPU.ActiveCfg = Release|Any CPU
		{DBC4972D-5E8C-4774-A9B4-2043702A013C}.Release|Any CPU.Build.0 = Release|Any CPU
	EndGlobalSection
	GlobalSection(SolutionProperties) = preSolution
		HideSolutionNode = FALSE
	EndGlobalSection
	GlobalSection(ExtensibilityGlobals) = postSolution
		SolutionGuid = {7F9398A4-DAEB-4176-BBDA-9EBE7F31BC42}
	EndGlobalSection
EndGlobal
